
Microsoft Visual Studio Solution File, Format Version 12.00
# Visual Studio Version 17
VisualStudioVersion = 17.0.32112.339
MinimumVisualStudioVersion = 10.0.40219.1
Project("{FAE04EC0-301F-11D3-BF4B-00C04F79EFBC}") = "HomeWork10.5", "HomeWork10.5\HomeWork10.5.csproj", "{892A45B7-220F-4C25-A8C5-446EF7E80840}"
EndProject
Global
	GlobalSection(SolutionConfigurationPlatforms) = preSolution
		Debug|Any CPU = Debug|Any CPU
		Release|Any CPU = Release|Any CPU
	EndGlobalSection
	GlobalSection(ProjectConfigurationPlatforms) = postSolution
		{892A45B7-220F-4C25-A8C5-446EF7E80840}.Debug|Any CPU.ActiveCfg = Debug|Any CPU
		{892A45B7-220F-4C25-A8C5-446EF7E80840}.Debug|Any CPU.Build.0 = Debug|Any CPU
		{892A45B7-220F-4C25-A8C5-446EF7E80840}.Release|Any CPU.ActiveCfg = Release|Any CPU
		{892A45B7-220F-4C25-A8C5-446EF7E80840}.Release|Any CPU.Build.0 = Release|Any CPU
	EndGlobalSection
	GlobalSection(SolutionProperties) = preSolution
		HideSolutionNode = FALSE
	EndGlobalSection
	GlobalSection(ExtensibilityGlobals) = postSolution
		SolutionGuid = {D9B6465D-CDA7-4FC8-868D-45AAABC5A0F7}
	EndGlobalSection
EndGlobal
