
Microsoft Visual Studio Solution File, Format Version 12.00
# Visual Studio Version 17
VisualStudioVersion = 17.0.32112.339
MinimumVisualStudioVersion = 10.0.40219.1
Project("{9A19103F-16F7-4668-BE54-9A1E7A4F7556}") = "HomeWork3", "HomeWork3.csproj", "{C7B1DC51-AF78-424E-A7B3-DB66562DCD23}"
EndProject
Global
	GlobalSection(SolutionConfigurationPlatforms) = preSolution
		Debug|Any CPU = Debug|Any CPU
		Release|Any CPU = Release|Any CPU
	EndGlobalSection
	GlobalSection(ProjectConfigurationPlatforms) = postSolution
		{C7B1DC51-AF78-424E-A7B3-DB66562DCD23}.Debug|Any CPU.ActiveCfg = Debug|Any CPU
		{C7B1DC51-AF78-424E-A7B3-DB66562DCD23}.Debug|Any CPU.Build.0 = Debug|Any CPU
		{C7B1DC51-AF78-424E-A7B3-DB66562DCD23}.Release|Any CPU.ActiveCfg = Release|Any CPU
		{C7B1DC51-AF78-424E-A7B3-DB66562DCD23}.Release|Any CPU.Build.0 = Release|Any CPU
	EndGlobalSection
	GlobalSection(SolutionProperties) = preSolution
		HideSolutionNode = FALSE
	EndGlobalSection
	GlobalSection(ExtensibilityGlobals) = postSolution
		SolutionGuid = {250001BC-29D4-4276-A31D-6CB1738763EB}
	EndGlobalSection
EndGlobal
